{
  "name": "TuringAlgo",
  "version": "0.2.0",
  "lockfileVersion": 1,
  "requires": true,
  "dependencies": {
    "sfetch": {
      "version": "0.0.1",
      "resolved": "https://registry.npmjs.org/sfetch/-/sfetch-0.0.1.tgz",
      "integrity": "sha512-zIYuT7Vf48wUz6t1V4K3C/B00q45Gb3DG1zHpvlua4H9dwqv9zFCIWo7lKb0rHOv+DeRsKTk7VwyRWtr9AFbpg==",
      "requires": {
        "user": "0.0.0"
      }
    },
    "user": {
      "version": "0.0.0",
      "resolved": "https://registry.npmjs.org/user/-/user-0.0.0.tgz",
      "integrity": "sha1-8n8bI/xRHyqO+kDbVc+6Ejgk4Co="
    }
  }
}
